
Microsoft Visual Studio Solution File, Format Version 12.00
# Visual Studio 15
VisualStudioVersion = 15.0.28307.539
MinimumVisualStudioVersion = 10.0.40219.1
Project("{FAE04EC0-301F-11D3-BF4B-00C04F79EFBC}") = "Cuoikiasp.net", "Cuoikiasp.net\Cuoikiasp.net.csproj", "{05E4E860-137B-4A19-BE09-EC17E4932C90}"
EndProject
Global
	GlobalSection(SolutionConfigurationPlatforms) = preSolution
		Debug|Any CPU = Debug|Any CPU
		Release|Any CPU = Release|Any CPU
	EndGlobalSection
	GlobalSection(ProjectConfigurationPlatforms) = postSolution
		{05E4E860-137B-4A19-BE09-EC17E4932C90}.Debug|Any CPU.ActiveCfg = Debug|Any CPU
		{05E4E860-137B-4A19-BE09-EC17E4932C90}.Debug|Any CPU.Build.0 = Debug|Any CPU
		{05E4E860-137B-4A19-BE09-EC17E4932C90}.Release|Any CPU.ActiveCfg = Release|Any CPU
		{05E4E860-137B-4A19-BE09-EC17E4932C90}.Release|Any CPU.Build.0 = Release|Any CPU
	EndGlobalSection
	GlobalSection(SolutionProperties) = preSolution
		HideSolutionNode = FALSE
	EndGlobalSection
	GlobalSection(ExtensibilityGlobals) = postSolution
		SolutionGuid = {D8A61690-2D84-4ABC-A7E3-EB2D8FBF5FEB}
	EndGlobalSection
EndGlobal
